// !$*UTF8*$!
{
	archiveVersion = 1;
	classes = {
	};
	objectVersion = 48;
	objects = {

/* Begin PBXBuildFile section */
		AD43E2451FE7F63100D65BBF /* ViewExtension.swift in Sources */ = {isa = PBXBuildFile; fileRef = AD43E2441FE7F63100D65BBF /* ViewExtension.swift */; };
		AD43E24D1FE8031F00D65BBF /* InfoPlist.strings in Resources */ = {isa = PBXBuildFile; fileRef = AD43E24F1FE8031F00D65BBF /* InfoPlist.strings */; };
		AD43E2551FE80CE700D65BBF /* Localizable.strings in Resources */ = {isa = PBXBuildFile; fileRef = AD43E2571FE80CE700D65BBF /* Localizable.strings */; };
		AD440C631FE2A1FD008997A2 /* AppDelegate.swift in Sources */ = {isa = PBXBuildFile; fileRef = AD440C621FE2A1FD008997A2 /* AppDelegate.swift */; };
		AD440C651FE2A1FD008997A2 /* ViewController.swift in Sources */ = {isa = PBXBuildFile; fileRef = AD440C641FE2A1FD008997A2 /* ViewController.swift */; };
		AD440C681FE2A1FD008997A2 /* Main.storyboard in Resources */ = {isa = PBXBuildFile; fileRef = AD440C661FE2A1FD008997A2 /* Main.storyboard */; };
		AD440C6A1FE2A1FD008997A2 /* Assets.xcassets in Resources */ = {isa = PBXBuildFile; fileRef = AD440C691FE2A1FD008997A2 /* Assets.xcassets */; };
		AD440C6D1FE2A1FD008997A2 /* LaunchScreen.storyboard in Resources */ = {isa = PBXBuildFile; fileRef = AD440C6B1FE2A1FD008997A2 /* LaunchScreen.storyboard */; };
/* End PBXBuildFile section */

/* Begin PBXFileReference section */
		AD43E2441FE7F63100D65BBF /* ViewExtension.swift */ = {isa = PBXFileReference; lastKnownFileType = sourcecode.swift; path = ViewExtension.swift; sourceTree = "<group>"; };
		AD43E24E1FE8031F00D65BBF /* ru */ = {isa = PBXFileReference; lastKnownFileType = text.plist.strings; name = ru; path = ru.lproj/InfoPlist.strings; sourceTree = "<group>"; };
		AD43E2561FE80CE700D65BBF /* ru */ = {isa = PBXFileReference; lastKnownFileType = text.plist.strings; name = ru; path = ru.lproj/Localizable.strings; sourceTree = "<group>"; };
		AD440C5F1FE2A1FD008997A2 /* iOSLocalizationExample.app */ = {isa = PBXFileReference; explicitFileType = wrapper.application; includeInIndex = 0; path = iOSLocalizationExample.app; sourceTree = BUILT_PRODUCTS_DIR; };
		AD440C621FE2A1FD008997A2 /* AppDelegate.swift */ = {isa = PBXFileReference; lastKnownFileType = sourcecode.swift; path = AppDelegate.swift; sourceTree = "<group>"; };
		AD440C641FE2A1FD008997A2 /* ViewController.swift */ = {isa = PBXFileReference; lastKnownFileType = sourcecode.swift; path = ViewController.swift; sourceTree = "<group>"; };
		AD440C671FE2A1FD008997A2 /* Base */ = {isa = PBXFileReference; lastKnownFileType = file.storyboard; name = Base; path = Base.lproj/Main.storyboard; sourceTree = "<group>"; };
		AD440C691FE2A1FD008997A2 /* Assets.xcassets */ = {isa = PBXFileReference; lastKnownFileType = folder.assetcatalog; path = Assets.xcassets; sourceTree = "<group>"; };
		AD440C6C1FE2A1FD008997A2 /* Base */ = {isa = PBXFileReference; lastKnownFileType = file.storyboard; name = Base; path = Base.lproj/LaunchScreen.storyboard; sourceTree = "<group>"; };
		AD440C6E1FE2A1FD008997A2 /* Info.plist */ = {isa = PBXFileReference; lastKnownFileType = text.plist.xml; path = Info.plist; sourceTree = "<group>"; };
		AD440C741FE2B9C2008997A2 /* ru */ = {isa = PBXFileReference; lastKnownFileType = text.plist.strings; name = ru; path = ru.lproj/Main.strings; sourceTree = "<group>"; };
		AD440C751FE2B9C3008997A2 /* ru */ = {isa = PBXFileReference; lastKnownFileType = text.plist.strings; name = ru; path = ru.lproj/LaunchScreen.strings; sourceTree = "<group>"; };
/* End PBXFileReference section */

/* Begin PBXFrameworksBuildPhase section */
		AD440C5C1FE2A1FD008997A2 /* Frameworks */ = {
			isa = PBXFrameworksBuildPhase;
			buildActionMask = 2147483647;
			files = (
			);
			runOnlyForDeploymentPostprocessing = 0;
		};
/* End PBXFrameworksBuildPhase section */

/* Begin PBXGroup section */
		AD440C561FE2A1FD008997A2 = {
			isa = PBXGroup;
			children = (
				AD440C611FE2A1FD008997A2 /* iOSLocalizationExample */,
				AD440C601FE2A1FD008997A2 /* Products */,
			);
			sourceTree = "<group>";
		};
		AD440C601FE2A1FD008997A2 /* Products */ = {
			isa = PBXGroup;
			children = (
				AD440C5F1FE2A1FD008997A2 /* iOSLocalizationExample.app */,
			);
			name = Products;
			sourceTree = "<group>";
		};
		AD440C611FE2A1FD008997A2 /* iOSLocalizationExample */ = {
			isa = PBXGroup;
			children = (
				AD43E2571FE80CE700D65BBF /* Localizable.strings */,
				AD43E24F1FE8031F00D65BBF /* InfoPlist.strings */,
				AD440C621FE2A1FD008997A2 /* AppDelegate.swift */,
				AD440C641FE2A1FD008997A2 /* ViewController.swift */,
				AD43E2441FE7F63100D65BBF /* ViewExtension.swift */,
				AD440C661FE2A1FD008997A2 /* Main.storyboard */,
				AD440C691FE2A1FD008997A2 /* Assets.xcassets */,
				AD440C6B1FE2A1FD008997A2 /* LaunchScreen.storyboard */,
				AD440C6E1FE2A1FD008997A2 /* Info.plist */,
			);
			path = iOSLocalizationExample;
			sourceTree = "<group>";
		};
/* End PBXGroup section */

/* Begin PBXNativeTarget section */
		AD440C5E1FE2A1FD008997A2 /* iOSLocalizationExample */ = {
			isa = PBXNativeTarget;
			buildConfigurationList = AD440C711FE2A1FD008997A2 /* Build configuration list for PBXNativeTarget "iOSLocalizationExample" */;
			buildPhases = (
				AD440C5B1FE2A1FD008997A2 /* Sources */,
				AD440C5C1FE2A1FD008997A2 /* Frameworks */,
				AD440C5D1FE2A1FD008997A2 /* Resources */,
			);
			buildRules = (
			);
			dependencies = (
			);
			name = iOSLocalizationExample;
			productName = iOSLocalizationExample;
			productReference = AD440C5F1FE2A1FD008997A2 /* iOSLocalizationExample.app */;
			productType = "com.apple.product-type.application";
		};
/* End PBXNativeTarget section */

/* Begin PBXProject section */
		AD440C571FE2A1FD008997A2 /* Project object */ = {
			isa = PBXProject;
			attributes = {
				LastSwiftUpdateCheck = 0900;
				LastUpgradeCheck = 0900;
				ORGANIZATIONNAME = NFNLabs;
				TargetAttributes = {
					AD440C5E1FE2A1FD008997A2 = {
						CreatedOnToolsVersion = 9.0;
						ProvisioningStyle = Manual;
					};
				};
			};
			buildConfigurationList = AD440C5A1FE2A1FD008997A2 /* Build configuration list for PBXProject "iOSLocalizationExample" */;
			compatibilityVersion = "Xcode 8.0";
			developmentRegion = en;
			hasScannedForEncodings = 0;
			knownRegions = (
				en,
				Base,
				ru,
			);
			mainGroup = AD440C561FE2A1FD008997A2;
			productRefGroup = AD440C601FE2A1FD008997A2 /* Products */;
			projectDirPath = "";
			projectRoot = "";
			targets = (
				AD440C5E1FE2A1FD008997A2 /* iOSLocalizationExample */,
			);
		};
/* End PBXProject section */

/* Begin PBXResourcesBuildPhase section */
		AD440C5D1FE2A1FD008997A2 /* Resources */ = {
			isa = PBXResourcesBuildPhase;
			buildActionMask = 2147483647;
			files = (
				AD43E2551FE80CE700D65BBF /* Localizable.strings in Resources */,
				AD440C6D1FE2A1FD008997A2 /* LaunchScreen.storyboard in Resources */,
				AD43E24D1FE8031F00D65BBF /* InfoPlist.strings in Resources */,
				AD440C6A1FE2A1FD008997A2 /* Assets.xcassets in Resources */,
				AD440C681FE2A1FD008997A2 /* Main.storyboard in Resources */,
			);
			runOnlyForDeploymentPostprocessing = 0;
		};
/* End PBXResourcesBuildPhase section */

/* Begin PBXSourcesBuildPhase section */
		AD440C5B1FE2A1FD008997A2 /* Sources */ = {
			isa = PBXSourcesBuildPhase;
			buildActionMask = 2147483647;
			files = (
				AD43E2451FE7F63100D65BBF /* ViewExtension.swift in Sources */,
				AD440C651FE2A1FD008997A2 /* ViewController.swift in Sources */,
				AD440C631FE2A1FD008997A2 /* AppDelegate.swift in Sources */,
			);
			runOnlyForDeploymentPostprocessing = 0;
		};
/* End PBXSourcesBuildPhase section */

/* Begin PBXVariantGroup section */
		AD43E24F1FE8031F00D65BBF /* InfoPlist.strings */ = {
			isa = PBXVariantGroup;
			children = (
				AD43E24E1FE8031F00D65BBF /* ru */,
			);
			name = InfoPlist.strings;
			sourceTree = "<group>";
		};
		AD43E2571FE80CE700D65BBF /* Localizable.strings */ = {
			isa = PBXVariantGroup;
			children = (
				AD43E2561FE80CE700D65BBF /* ru */,
			);
			name = Localizable.strings;
			sourceTree = "<group>";
		};
		AD440C661FE2A1FD008997A2 /* Main.storyboard */ = {
			isa = PBXVariantGroup;
			children = (
				AD440C671FE2A1FD008997A2 /* Base */,
				AD440C741FE2B9C2008997A2 /* ru */,
			);
			name = Main.storyboard;
			sourceTree = "<group>";
		};
		AD440C6B1FE2A1FD008997A2 /* LaunchScreen.storyboard */ = {
			isa = PBXVariantGroup;
			children = (
				AD440C6C1FE2A1FD008997A2 /* Base */,
				AD440C751FE2B9C3008997A2 /* ru */,
			);
			name = LaunchScreen.storyboard;
			sourceTree = "<group>";
		};
/* End PBXVariantGroup section */

/* Begin XCBuildConfiguration section */
		AD440C6F1FE2A1FD008997A2 /* Debug */ = {
			isa = XCBuildConfiguration;
			buildSettings = {
				ALWAYS_SEARCH_USER_PATHS = NO;
				CLANG_ANALYZER_LOCALIZABILITY_NONLOCALIZED = YES;
				CLANG_ANALYZER_NONNULL = YES;
				CLANG_ANALYZER_NUMBER_OBJECT_CONVERSION = YES_AGGRESSIVE;
				CLANG_CXX_LANGUAGE_STANDARD = "gnu++14";
				CLANG_CXX_LIBRARY = "libc++";
				CLANG_ENABLE_MODULES = YES;
				CLANG_ENABLE_OBJC_ARC = YES;
				CLANG_WARN_BLOCK_CAPTURE_AUTORELEASING = YES;
				CLANG_WARN_BOOL_CONVERSION = YES;
				CLANG_WARN_COMMA = YES;
				CLANG_WARN_CONSTANT_CONVERSION = YES;
				CLANG_WARN_DIRECT_OBJC_ISA_USAGE = YES_ERROR;
				CLANG_WARN_DOCUMENTATION_COMMENTS = YES;
				CLANG_WARN_EMPTY_BODY = YES;
				CLANG_WARN_ENUM_CONVERSION = YES;
				CLANG_WARN_INFINITE_RECURSION = YES;
				CLANG_WARN_INT_CONVERSION = YES;
				CLANG_WARN_NON_LITERAL_NULL_CONVERSION = YES;
				CLANG_WARN_OBJC_LITERAL_CONVERSION = YES;
				CLANG_WARN_OBJC_ROOT_CLASS = YES_ERROR;
				CLANG_WARN_RANGE_LOOP_ANALYSIS = YES;
				CLANG_WARN_STRICT_PROTOTYPES = YES;
				CLANG_WARN_SUSPICIOUS_MOVE = YES;
				CLANG_WARN_UNGUARDED_AVAILABILITY = YES_AGGRESSIVE;
				CLANG_WARN_UNREACHABLE_CODE = YES;
				CLANG_WARN__DUPLICATE_METHOD_MATCH = YES;
				CODE_SIGN_IDENTITY = "iPhone Developer";
				COPY_PHASE_STRIP = NO;
				DEBUG_INFORMATION_FORMAT = dwarf;
				ENABLE_STRICT_OBJC_MSGSEND = YES;
				ENABLE_TESTABILITY = YES;
				GCC_C_LANGUAGE_STANDARD = gnu11;
				GCC_DYNAMIC_NO_PIC = NO;
				GCC_NO_COMMON_BLOCKS = YES;
				GCC_OPTIMIZATION_LEVEL = 0;
				GCC_PREPROCESSOR_DEFINITIONS = (
					"DEBUG=1",
					"$(inherited)",
				);
				GCC_WARN_64_TO_32_BIT_CONVERSION = YES;
				GCC_WARN_ABOUT_RETURN_TYPE = YES_ERROR;
				GCC_WARN_UNDECLARED_SELECTOR = YES;
				GCC_WARN_UNINITIALIZED_AUTOS = YES_AGGRESSIVE;
				GCC_WARN_UNUSED_FUNCTION = YES;
				GCC_WARN_UNUSED_VARIABLE = YES;
				IPHONEOS_DEPLOYMENT_TARGET = 11.0;
				MTL_ENABLE_DEBUG_INFO = YES;
				ONLY_ACTIVE_ARCH = YES;
				SDKROOT = iphoneos;
				SWIFT_ACTIVE_COMPILATION_CONDITIONS = DEBUG;
				SWIFT_OPTIMIZATION_LEVEL = "-Onone";
			};
			name = Debug;
		};
		AD440C701FE2A1FD008997A2 /* Release */ = {
			isa = XCBuildConfiguration;
			buildSettings = {
				ALWAYS_SEARCH_USER_PATHS = NO;
				CLANG_ANALYZER_LOCALIZABILITY_NONLOCALIZED = YES;
				CLANG_ANALYZER_NONNULL = YES;
				CLANG_ANALYZER_NUMBER_OBJECT_CONVERSION = YES_AGGRESSIVE;
				CLANG_CXX_LANGUAGE_STANDARD = "gnu++14";
				CLANG_CXX_LIBRARY = "libc++";
				CLANG_ENABLE_MODULES = YES;
				CLANG_ENABLE_OBJC_ARC = YES;
				CLANG_WARN_BLOCK_CAPTURE_AUTORELEASING = YES;
				CLANG_WARN_BOOL_CONVERSION = YES;
				CLANG_WARN_COMMA = YES;
				CLANG_WARN_CONSTANT_CONVERSION = YES;
				CLANG_WARN_DIRECT_OBJC_ISA_USAGE = YES_ERROR;
				CLANG_WARN_DOCUMENTATION_COMMENTS = YES;
				CLANG_WARN_EMPTY_BODY = YES;
				CLANG_WARN_ENUM_CONVERSION = YES;
				CLANG_WARN_INFINITE_RECURSION = YES;
				CLANG_WARN_INT_CONVERSION = YES;
				CLANG_WARN_NON_LITERAL_NULL_CONVERSION = YES;
				CLANG_WARN_OBJC_LITERAL_CONVERSION = YES;
				CLANG_WARN_OBJC_ROOT_CLASS = YES_ERROR;
				CLANG_WARN_RANGE_LOOP_ANALYSIS = YES;
				CLANG_WARN_STRICT_PROTOTYPES = YES;
				CLANG_WARN_SUSPICIOUS_MOVE = YES;
				CLANG_WARN_UNGUARDED_AVAILABILITY = YES_AGGRESSIVE;
				CLANG_WARN_UNREACHABLE_CODE = YES;
				CLANG_WARN__DUPLICATE_METHOD_MATCH = YES;
				CODE_SIGN_IDENTITY = "iPhone Developer";
				COPY_PHASE_STRIP = NO;
				DEBUG_INFORMATION_FORMAT = "dwarf-with-dsym";
				ENABLE_NS_ASSERTIONS = NO;
				ENABLE_STRICT_OBJC_MSGSEND = YES;
				GCC_C_LANGUAGE_STANDARD = gnu11;
				GCC_NO_COMMON_BLOCKS = YES;
				GCC_WARN_64_TO_32_BIT_CONVERSION = YES;
				GCC_WARN_ABOUT_RETURN_TYPE = YES_ERROR;
				GCC_WARN_UNDECLARED_SELECTOR = YES;
				GCC_WARN_UNINITIALIZED_AUTOS = YES_AGGRESSIVE;
				GCC_WARN_UNUSED_FUNCTION = YES;
				GCC_WARN_UNUSED_VARIABLE = YES;
				IPHONEOS_DEPLOYMENT_TARGET = 11.0;
				MTL_ENABLE_DEBUG_INFO = NO;
				SDKROOT = iphoneos;
				SWIFT_OPTIMIZATION_LEVEL = "-Owholemodule";
				VALIDATE_PRODUCT = YES;
			};
			name = Release;
		};
		AD440C721FE2A1FD008997A2 /* Debug */ = {
			isa = XCBuildConfiguration;
			buildSettings = {
				ASSETCATALOG_COMPILER_APPICON_NAME = AppIcon;
				CODE_SIGN_STYLE = Manual;
				DEVELOPMENT_TEAM = "";
				INFOPLIST_FILE = iOSLocalizationExample/Info.plist;
				LD_RUNPATH_SEARCH_PATHS = "$(inherited) @executable_path/Frameworks";
				PRODUCT_BUNDLE_IDENTIFIER = nfn.iOSLocalizationExample;
				PRODUCT_NAME = "$(TARGET_NAME)";
				PROVISIONING_PROFILE_SPECIFIER = "";
				SWIFT_VERSION = 4.0;
				TARGETED_DEVICE_FAMILY = "1,2";
			};
			name = Debug;
		};
		AD440C731FE2A1FD008997A2 /* Release */ = {
			isa = XCBuildConfiguration;
			buildSettings = {
				ASSETCATALOG_COMPILER_APPICON_NAME = AppIcon;
				CODE_SIGN_STYLE = Manual;
				DEVELOPMENT_TEAM = "";
				INFOPLIST_FILE = iOSLocalizationExample/Info.plist;
				LD_RUNPATH_SEARCH_PATHS = "$(inherited) @executable_path/Frameworks";
				PRODUCT_BUNDLE_IDENTIFIER = nfn.iOSLocalizationExample;
				PRODUCT_NAME = "$(TARGET_NAME)";
				PROVISIONING_PROFILE_SPECIFIER = "";
				SWIFT_VERSION = 4.0;
				TARGETED_DEVICE_FAMILY = "1,2";
			};
			name = Release;
		};
/* End XCBuildConfiguration section */

/* Begin XCConfigurationList section */
		AD440C5A1FE2A1FD008997A2 /* Build configuration list for PBXProject "iOSLocalizationExample" */ = {
			isa = XCConfigurationList;
			buildConfigurations = (
				AD440C6F1FE2A1FD008997A2 /* Debug */,
				AD440C701FE2A1FD008997A2 /* Release */,
			);
			defaultConfigurationIsVisible = 0;
			defaultConfigurationName = Release;
		};
		AD440C711FE2A1FD008997A2 /* Build configuration list for PBXNativeTarget "iOSLocalizationExample" */ = {
			isa = XCConfigurationList;
			buildConfigurations = (
				AD440C721FE2A1FD008997A2 /* Debug */,
				AD440C731FE2A1FD008997A2 /* Release */,
			);
			defaultConfigurationIsVisible = 0;
			defaultConfigurationName = Release;
		};
/* End XCConfigurationList section */
	};
	rootObject = AD440C571FE2A1FD008997A2 /* Project object */;
}
